// !$*UTF8*$!
{
	archiveVersion = 1;
	classes = {
	};
	objectVersion = 50;
	objects = {

/* Begin PBXBuildFile section */
		650FCCF62177B693008D2D76 /* AppDelegate.swift in Sources */ = {isa = PBXBuildFile; fileRef = 650FCCF52177B693008D2D76 /* AppDelegate.swift */; };
		650FCCFD2177B693008D2D76 /* Main.storyboard in Resources */ = {isa = PBXBuildFile; fileRef = 650FCCFB2177B693008D2D76 /* Main.storyboard */; };
		650FCCFF2177B694008D2D76 /* Assets.xcassets in Resources */ = {isa = PBXBuildFile; fileRef = 650FCCFE2177B694008D2D76 /* Assets.xcassets */; };
		650FCD022177B694008D2D76 /* LaunchScreen.storyboard in Resources */ = {isa = PBXBuildFile; fileRef = 650FCD002177B694008D2D76 /* LaunchScreen.storyboard */; };
		650FCD0D2177B694008D2D76 /* Houses_VelloriTests.swift in Sources */ = {isa = PBXBuildFile; fileRef = 650FCD0C2177B694008D2D76 /* Houses_VelloriTests.swift */; };
		650FCD182177B694008D2D76 /* Houses_VelloriUITests.swift in Sources */ = {isa = PBXBuildFile; fileRef = 650FCD172177B694008D2D76 /* Houses_VelloriUITests.swift */; };
		650FCD292177B73D008D2D76 /* Information.storyboard in Resources */ = {isa = PBXBuildFile; fileRef = 650FCD282177B73D008D2D76 /* Information.storyboard */; };
		650FCD2B2177B748008D2D76 /* NewHouse.storyboard in Resources */ = {isa = PBXBuildFile; fileRef = 650FCD2A2177B748008D2D76 /* NewHouse.storyboard */; };
		650FCD2D2177B752008D2D76 /* Browsing.storyboard in Resources */ = {isa = PBXBuildFile; fileRef = 650FCD2C2177B752008D2D76 /* Browsing.storyboard */; };
		650FCD312177B85D008D2D76 /* GridBrowser.storyboard in Resources */ = {isa = PBXBuildFile; fileRef = 650FCD302177B85D008D2D76 /* GridBrowser.storyboard */; };
		650FCD342177B9D2008D2D76 /* Sections.swift in Sources */ = {isa = PBXBuildFile; fileRef = 650FCD332177B9D2008D2D76 /* Sections.swift */; };
		650FCD402177BE53008D2D76 /* Houses.xcdatamodeld in Sources */ = {isa = PBXBuildFile; fileRef = 650FCD3E2177BE53008D2D76 /* Houses.xcdatamodeld */; };
		6580982A2177DAC10097D1E7 /* CoreDataStack.swift in Sources */ = {isa = PBXBuildFile; fileRef = 658098292177DAC10097D1E7 /* CoreDataStack.swift */; };
		6580982D2177DC0F0097D1E7 /* MockDataGeneration.swift in Sources */ = {isa = PBXBuildFile; fileRef = 6580982C2177DC0F0097D1E7 /* MockDataGeneration.swift */; };
		6580982F2177DD6D0097D1E7 /* MockController.swift in Sources */ = {isa = PBXBuildFile; fileRef = 6580982E2177DD6D0097D1E7 /* MockController.swift */; };
		658098312177E20D0097D1E7 /* BrowserInterface.swift in Sources */ = {isa = PBXBuildFile; fileRef = 658098302177E20D0097D1E7 /* BrowserInterface.swift */; };
		658098332177E7EF0097D1E7 /* BrowserController.swift in Sources */ = {isa = PBXBuildFile; fileRef = 658098322177E7EF0097D1E7 /* BrowserController.swift */; };
		65D17F11217918B500AEC33C /* Detail.storyboard in Resources */ = {isa = PBXBuildFile; fileRef = 65D17F10217918B500AEC33C /* Detail.storyboard */; };
		65D17F13217919AF00AEC33C /* Detail.swift in Sources */ = {isa = PBXBuildFile; fileRef = 65D17F12217919AF00AEC33C /* Detail.swift */; };
		65D17F15217923AD00AEC33C /* somedata.txt in Resources */ = {isa = PBXBuildFile; fileRef = 65D17F14217923AD00AEC33C /* somedata.txt */; };
/* End PBXBuildFile section */

/* Begin PBXContainerItemProxy section */
		650FCD092177B694008D2D76 /* PBXContainerItemProxy */ = {
			isa = PBXContainerItemProxy;
			containerPortal = 650FCCEA2177B693008D2D76 /* Project object */;
			proxyType = 1;
			remoteGlobalIDString = 650FCCF12177B693008D2D76;
			remoteInfo = "Houses-Vellori";
		};
		650FCD142177B694008D2D76 /* PBXContainerItemProxy */ = {
			isa = PBXContainerItemProxy;
			containerPortal = 650FCCEA2177B693008D2D76 /* Project object */;
			proxyType = 1;
			remoteGlobalIDString = 650FCCF12177B693008D2D76;
			remoteInfo = "Houses-Vellori";
		};
/* End PBXContainerItemProxy section */

/* Begin PBXFileReference section */
		650FCCF22177B693008D2D76 /* Houses-Vellori.app */ = {isa = PBXFileReference; explicitFileType = wrapper.application; includeInIndex = 0; path = "Houses-Vellori.app"; sourceTree = BUILT_PRODUCTS_DIR; };
		650FCCF52177B693008D2D76 /* AppDelegate.swift */ = {isa = PBXFileReference; lastKnownFileType = sourcecode.swift; path = AppDelegate.swift; sourceTree = "<group>"; };
		650FCCFC2177B693008D2D76 /* Base */ = {isa = PBXFileReference; lastKnownFileType = file.storyboard; name = Base; path = Base.lproj/Main.storyboard; sourceTree = "<group>"; };
		650FCCFE2177B694008D2D76 /* Assets.xcassets */ = {isa = PBXFileReference; lastKnownFileType = folder.assetcatalog; path = Assets.xcassets; sourceTree = "<group>"; };
		650FCD012177B694008D2D76 /* Base */ = {isa = PBXFileReference; lastKnownFileType = file.storyboard; name = Base; path = Base.lproj/LaunchScreen.storyboard; sourceTree = "<group>"; };
		650FCD032177B694008D2D76 /* Info.plist */ = {isa = PBXFileReference; lastKnownFileType = text.plist.xml; path = Info.plist; sourceTree = "<group>"; };
		650FCD082177B694008D2D76 /* Houses-VelloriTests.xctest */ = {isa = PBXFileReference; explicitFileType = wrapper.cfbundle; includeInIndex = 0; path = "Houses-VelloriTests.xctest"; sourceTree = BUILT_PRODUCTS_DIR; };
		650FCD0C2177B694008D2D76 /* Houses_VelloriTests.swift */ = {isa = PBXFileReference; lastKnownFileType = sourcecode.swift; path = Houses_VelloriTests.swift; sourceTree = "<group>"; };
		650FCD0E2177B694008D2D76 /* Info.plist */ = {isa = PBXFileReference; lastKnownFileType = text.plist.xml; path = Info.plist; sourceTree = "<group>"; };
		650FCD132177B694008D2D76 /* Houses-VelloriUITests.xctest */ = {isa = PBXFileReference; explicitFileType = wrapper.cfbundle; includeInIndex = 0; path = "Houses-VelloriUITests.xctest"; sourceTree = BUILT_PRODUCTS_DIR; };
		650FCD172177B694008D2D76 /* Houses_VelloriUITests.swift */ = {isa = PBXFileReference; lastKnownFileType = sourcecode.swift; path = Houses_VelloriUITests.swift; sourceTree = "<group>"; };
		650FCD192177B694008D2D76 /* Info.plist */ = {isa = PBXFileReference; lastKnownFileType = text.plist.xml; path = Info.plist; sourceTree = "<group>"; };
		650FCD282177B73D008D2D76 /* Information.storyboard */ = {isa = PBXFileReference; lastKnownFileType = file.storyboard; path = Information.storyboard; sourceTree = "<group>"; };
		650FCD2A2177B748008D2D76 /* NewHouse.storyboard */ = {isa = PBXFileReference; lastKnownFileType = file.storyboard; path = NewHouse.storyboard; sourceTree = "<group>"; };
		650FCD2C2177B752008D2D76 /* Browsing.storyboard */ = {isa = PBXFileReference; lastKnownFileType = file.storyboard; path = Browsing.storyboard; sourceTree = "<group>"; };
		650FCD302177B85D008D2D76 /* GridBrowser.storyboard */ = {isa = PBXFileReference; lastKnownFileType = file.storyboard; path = GridBrowser.storyboard; sourceTree = "<group>"; };
		650FCD332177B9D2008D2D76 /* Sections.swift */ = {isa = PBXFileReference; lastKnownFileType = sourcecode.swift; path = Sections.swift; sourceTree = "<group>"; };
		650FCD3F2177BE53008D2D76 /* Houses.xcdatamodel */ = {isa = PBXFileReference; lastKnownFileType = wrapper.xcdatamodel; path = Houses.xcdatamodel; sourceTree = "<group>"; };
		658098292177DAC10097D1E7 /* CoreDataStack.swift */ = {isa = PBXFileReference; lastKnownFileType = sourcecode.swift; path = CoreDataStack.swift; sourceTree = "<group>"; };
		6580982C2177DC0F0097D1E7 /* MockDataGeneration.swift */ = {isa = PBXFileReference; lastKnownFileType = sourcecode.swift; path = MockDataGeneration.swift; sourceTree = "<group>"; };
		6580982E2177DD6D0097D1E7 /* MockController.swift */ = {isa = PBXFileReference; lastKnownFileType = sourcecode.swift; path = MockController.swift; sourceTree = "<group>"; };
		658098302177E20D0097D1E7 /* BrowserInterface.swift */ = {isa = PBXFileReference; lastKnownFileType = sourcecode.swift; path = BrowserInterface.swift; sourceTree = "<group>"; };
		658098322177E7EF0097D1E7 /* BrowserController.swift */ = {isa = PBXFileReference; lastKnownFileType = sourcecode.swift; path = BrowserController.swift; sourceTree = "<group>"; };
		65D17F10217918B500AEC33C /* Detail.storyboard */ = {isa = PBXFileReference; lastKnownFileType = file.storyboard; path = Detail.storyboard; sourceTree = "<group>"; };
		65D17F12217919AF00AEC33C /* Detail.swift */ = {isa = PBXFileReference; lastKnownFileType = sourcecode.swift; path = Detail.swift; sourceTree = "<group>"; };
		65D17F14217923AD00AEC33C /* somedata.txt */ = {isa = PBXFileReference; lastKnownFileType = text; path = somedata.txt; sourceTree = "<group>"; };
/* End PBXFileReference section */

/* Begin PBXFrameworksBuildPhase section */
		650FCCEF2177B693008D2D76 /* Frameworks */ = {
			isa = PBXFrameworksBuildPhase;
			buildActionMask = 2147483647;
			files = (
			);
			runOnlyForDeploymentPostprocessing = 0;
		};
		650FCD052177B694008D2D76 /* Frameworks */ = {
			isa = PBXFrameworksBuildPhase;
			buildActionMask = 2147483647;
			files = (
			);
			runOnlyForDeploymentPostprocessing = 0;
		};
		650FCD102177B694008D2D76 /* Frameworks */ = {
			isa = PBXFrameworksBuildPhase;
			buildActionMask = 2147483647;
			files = (
			);
			runOnlyForDeploymentPostprocessing = 0;
		};
/* End PBXFrameworksBuildPhase section */

/* Begin PBXGroup section */
		650FCCE92177B693008D2D76 = {
			isa = PBXGroup;
			children = (
				650FCCF42177B693008D2D76 /* Houses-Vellori */,
				650FCD0B2177B694008D2D76 /* Houses-VelloriTests */,
				650FCD162177B694008D2D76 /* Houses-VelloriUITests */,
				650FCCF32177B693008D2D76 /* Products */,
			);
			sourceTree = "<group>";
		};
		650FCCF32177B693008D2D76 /* Products */ = {
			isa = PBXGroup;
			children = (
				650FCCF22177B693008D2D76 /* Houses-Vellori.app */,
				650FCD082177B694008D2D76 /* Houses-VelloriTests.xctest */,
				650FCD132177B694008D2D76 /* Houses-VelloriUITests.xctest */,
			);
			name = Products;
			sourceTree = "<group>";
		};
		650FCCF42177B693008D2D76 /* Houses-Vellori */ = {
			isa = PBXGroup;
			children = (
				65D17F0F217918A700AEC33C /* Detail */,
				6580982B2177DBFD0097D1E7 /* MockData */,
				650FCD352177BBF8008D2D76 /* Persistence */,
				650FCD272177B6DE008D2D76 /* Information */,
				650FCD262177B6D0008D2D76 /* NewHouse */,
				650FCD252177B6C0008D2D76 /* Browsing */,
				650FCCF52177B693008D2D76 /* AppDelegate.swift */,
				650FCCFB2177B693008D2D76 /* Main.storyboard */,
				650FCCFE2177B694008D2D76 /* Assets.xcassets */,
				650FCD002177B694008D2D76 /* LaunchScreen.storyboard */,
				650FCD032177B694008D2D76 /* Info.plist */,
			);
			path = "Houses-Vellori";
			sourceTree = "<group>";
		};
		650FCD0B2177B694008D2D76 /* Houses-VelloriTests */ = {
			isa = PBXGroup;
			children = (
				650FCD0C2177B694008D2D76 /* Houses_VelloriTests.swift */,
				650FCD0E2177B694008D2D76 /* Info.plist */,
			);
			path = "Houses-VelloriTests";
			sourceTree = "<group>";
		};
		650FCD162177B694008D2D76 /* Houses-VelloriUITests */ = {
			isa = PBXGroup;
			children = (
				650FCD172177B694008D2D76 /* Houses_VelloriUITests.swift */,
				650FCD192177B694008D2D76 /* Info.plist */,
			);
			path = "Houses-VelloriUITests";
			sourceTree = "<group>";
		};
		650FCD252177B6C0008D2D76 /* Browsing */ = {
			isa = PBXGroup;
			children = (
				650FCD322177B9B6008D2D76 /* DataSources */,
				650FCD2C2177B752008D2D76 /* Browsing.storyboard */,
				650FCD302177B85D008D2D76 /* GridBrowser.storyboard */,
				658098302177E20D0097D1E7 /* BrowserInterface.swift */,
				658098322177E7EF0097D1E7 /* BrowserController.swift */,
			);
			path = Browsing;
			sourceTree = "<group>";
		};
		650FCD262177B6D0008D2D76 /* NewHouse */ = {
			isa = PBXGroup;
			children = (
				650FCD2A2177B748008D2D76 /* NewHouse.storyboard */,
			);
			path = NewHouse;
			sourceTree = "<group>";
		};
		650FCD272177B6DE008D2D76 /* Information */ = {
			isa = PBXGroup;
			children = (
				650FCD282177B73D008D2D76 /* Information.storyboard */,
			);
			path = Information;
			sourceTree = "<group>";
		};
		650FCD322177B9B6008D2D76 /* DataSources */ = {
			isa = PBXGroup;
			children = (
				650FCD332177B9D2008D2D76 /* Sections.swift */,
			);
			path = DataSources;
			sourceTree = "<group>";
		};
		650FCD352177BBF8008D2D76 /* Persistence */ = {
			isa = PBXGroup;
			children = (
				650FCD3E2177BE53008D2D76 /* Houses.xcdatamodeld */,
				658098292177DAC10097D1E7 /* CoreDataStack.swift */,
			);
			path = Persistence;
			sourceTree = "<group>";
		};
		6580982B2177DBFD0097D1E7 /* MockData */ = {
			isa = PBXGroup;
			children = (
				6580982C2177DC0F0097D1E7 /* MockDataGeneration.swift */,
				6580982E2177DD6D0097D1E7 /* MockController.swift */,
				65D17F14217923AD00AEC33C /* somedata.txt */,
			);
			path = MockData;
			sourceTree = "<group>";
		};
		65D17F0F217918A700AEC33C /* Detail */ = {
			isa = PBXGroup;
			children = (
				65D17F10217918B500AEC33C /* Detail.storyboard */,
				65D17F12217919AF00AEC33C /* Detail.swift */,
			);
			path = Detail;
			sourceTree = "<group>";
		};
/* End PBXGroup section */

/* Begin PBXNativeTarget section */
		650FCCF12177B693008D2D76 /* Houses-Vellori */ = {
			isa = PBXNativeTarget;
			buildConfigurationList = 650FCD1C2177B694008D2D76 /* Build configuration list for PBXNativeTarget "Houses-Vellori" */;
			buildPhases = (
				650FCCEE2177B693008D2D76 /* Sources */,
				650FCCEF2177B693008D2D76 /* Frameworks */,
				650FCCF02177B693008D2D76 /* Resources */,
			);
			buildRules = (
			);
			dependencies = (
			);
			name = "Houses-Vellori";
			productName = "Houses-Vellori";
			productReference = 650FCCF22177B693008D2D76 /* Houses-Vellori.app */;
			productType = "com.apple.product-type.application";
		};
		650FCD072177B694008D2D76 /* Houses-VelloriTests */ = {
			isa = PBXNativeTarget;
			buildConfigurationList = 650FCD1F2177B694008D2D76 /* Build configuration list for PBXNativeTarget "Houses-VelloriTests" */;
			buildPhases = (
				650FCD042177B694008D2D76 /* Sources */,
				650FCD052177B694008D2D76 /* Frameworks */,
				650FCD062177B694008D2D76 /* Resources */,
			);
			buildRules = (
			);
			dependencies = (
				650FCD0A2177B694008D2D76 /* PBXTargetDependency */,
			);
			name = "Houses-VelloriTests";
			productName = "Houses-VelloriTests";
			productReference = 650FCD082177B694008D2D76 /* Houses-VelloriTests.xctest */;
			productType = "com.apple.product-type.bundle.unit-test";
		};
		650FCD122177B694008D2D76 /* Houses-VelloriUITests */ = {
			isa = PBXNativeTarget;
			buildConfigurationList = 650FCD222177B694008D2D76 /* Build configuration list for PBXNativeTarget "Houses-VelloriUITests" */;
			buildPhases = (
				650FCD0F2177B694008D2D76 /* Sources */,
				650FCD102177B694008D2D76 /* Frameworks */,
				650FCD112177B694008D2D76 /* Resources */,
			);
			buildRules = (
			);
			dependencies = (
				650FCD152177B694008D2D76 /* PBXTargetDependency */,
			);
			name = "Houses-VelloriUITests";
			productName = "Houses-VelloriUITests";
			productReference = 650FCD132177B694008D2D76 /* Houses-VelloriUITests.xctest */;
			productType = "com.apple.product-type.bundle.ui-testing";
		};
/* End PBXNativeTarget section */

/* Begin PBXProject section */
		650FCCEA2177B693008D2D76 /* Project object */ = {
			isa = PBXProject;
			attributes = {
				LastSwiftUpdateCheck = 1000;
				LastUpgradeCheck = 1000;
				ORGANIZATIONNAME = "André Vellori";
				TargetAttributes = {
					650FCCF12177B693008D2D76 = {
						CreatedOnToolsVersion = 10.0;
					};
					650FCD072177B694008D2D76 = {
						CreatedOnToolsVersion = 10.0;
						TestTargetID = 650FCCF12177B693008D2D76;
					};
					650FCD122177B694008D2D76 = {
						CreatedOnToolsVersion = 10.0;
						TestTargetID = 650FCCF12177B693008D2D76;
					};
				};
			};
			buildConfigurationList = 650FCCED2177B693008D2D76 /* Build configuration list for PBXProject "Houses-Vellori" */;
			compatibilityVersion = "Xcode 9.3";
			developmentRegion = en;
			hasScannedForEncodings = 0;
			knownRegions = (
				en,
				Base,
			);
			mainGroup = 650FCCE92177B693008D2D76;
			productRefGroup = 650FCCF32177B693008D2D76 /* Products */;
			projectDirPath = "";
			projectRoot = "";
			targets = (
				650FCCF12177B693008D2D76 /* Houses-Vellori */,
				650FCD072177B694008D2D76 /* Houses-VelloriTests */,
				650FCD122177B694008D2D76 /* Houses-VelloriUITests */,
			);
		};
/* End PBXProject section */

/* Begin PBXResourcesBuildPhase section */
		650FCCF02177B693008D2D76 /* Resources */ = {
			isa = PBXResourcesBuildPhase;
			buildActionMask = 2147483647;
			files = (
				650FCD022177B694008D2D76 /* LaunchScreen.storyboard in Resources */,
				650FCCFF2177B694008D2D76 /* Assets.xcassets in Resources */,
				65D17F15217923AD00AEC33C /* somedata.txt in Resources */,
				650FCCFD2177B693008D2D76 /* Main.storyboard in Resources */,
				65D17F11217918B500AEC33C /* Detail.storyboard in Resources */,
				650FCD2D2177B752008D2D76 /* Browsing.storyboard in Resources */,
				650FCD292177B73D008D2D76 /* Information.storyboard in Resources */,
				650FCD2B2177B748008D2D76 /* NewHouse.storyboard in Resources */,
				650FCD312177B85D008D2D76 /* GridBrowser.storyboard in Resources */,
			);
			runOnlyForDeploymentPostprocessing = 0;
		};
		650FCD062177B694008D2D76 /* Resources */ = {
			isa = PBXResourcesBuildPhase;
			buildActionMask = 2147483647;
			files = (
			);
			runOnlyForDeploymentPostprocessing = 0;
		};
		650FCD112177B694008D2D76 /* Resources */ = {
			isa = PBXResourcesBuildPhase;
			buildActionMask = 2147483647;
			files = (
			);
			runOnlyForDeploymentPostprocessing = 0;
		};
/* End PBXResourcesBuildPhase section */

/* Begin PBXSourcesBuildPhase section */
		650FCCEE2177B693008D2D76 /* Sources */ = {
			isa = PBXSourcesBuildPhase;
			buildActionMask = 2147483647;
			files = (
				650FCD402177BE53008D2D76 /* Houses.xcdatamodeld in Sources */,
				6580982F2177DD6D0097D1E7 /* MockController.swift in Sources */,
				65D17F13217919AF00AEC33C /* Detail.swift in Sources */,
				658098332177E7EF0097D1E7 /* BrowserController.swift in Sources */,
				658098312177E20D0097D1E7 /* BrowserInterface.swift in Sources */,
				650FCCF62177B693008D2D76 /* AppDelegate.swift in Sources */,
				6580982D2177DC0F0097D1E7 /* MockDataGeneration.swift in Sources */,
				650FCD342177B9D2008D2D76 /* Sections.swift in Sources */,
				6580982A2177DAC10097D1E7 /* CoreDataStack.swift in Sources */,
			);
			runOnlyForDeploymentPostprocessing = 0;
		};
		650FCD042177B694008D2D76 /* Sources */ = {
			isa = PBXSourcesBuildPhase;
			buildActionMask = 2147483647;
			files = (
				650FCD0D2177B694008D2D76 /* Houses_VelloriTests.swift in Sources */,
			);
			runOnlyForDeploymentPostprocessing = 0;
		};
		650FCD0F2177B694008D2D76 /* Sources */ = {
			isa = PBXSourcesBuildPhase;
			buildActionMask = 2147483647;
			files = (
				650FCD182177B694008D2D76 /* Houses_VelloriUITests.swift in Sources */,
			);
			runOnlyForDeploymentPostprocessing = 0;
		};
/* End PBXSourcesBuildPhase section */

/* Begin PBXTargetDependency section */
		650FCD0A2177B694008D2D76 /* PBXTargetDependency */ = {
			isa = PBXTargetDependency;
			target = 650FCCF12177B693008D2D76 /* Houses-Vellori */;
			targetProxy = 650FCD092177B694008D2D76 /* PBXContainerItemProxy */;
		};
		650FCD152177B694008D2D76 /* PBXTargetDependency */ = {
			isa = PBXTargetDependency;
			target = 650FCCF12177B693008D2D76 /* Houses-Vellori */;
			targetProxy = 650FCD142177B694008D2D76 /* PBXContainerItemProxy */;
		};
/* End PBXTargetDependency section */

/* Begin PBXVariantGroup section */
		650FCCFB2177B693008D2D76 /* Main.storyboard */ = {
			isa = PBXVariantGroup;
			children = (
				650FCCFC2177B693008D2D76 /* Base */,
			);
			name = Main.storyboard;
			sourceTree = "<group>";
		};
		650FCD002177B694008D2D76 /* LaunchScreen.storyboard */ = {
			isa = PBXVariantGroup;
			children = (
				650FCD012177B694008D2D76 /* Base */,
			);
			name = LaunchScreen.storyboard;
			sourceTree = "<group>";
		};
/* End PBXVariantGroup section */

/* Begin XCBuildConfiguration section */
		650FCD1A2177B694008D2D76 /* Debug */ = {
			isa = XCBuildConfiguration;
			buildSettings = {
				ALWAYS_SEARCH_USER_PATHS = NO;
				CLANG_ANALYZER_NONNULL = YES;
				CLANG_ANALYZER_NUMBER_OBJECT_CONVERSION = YES_AGGRESSIVE;
				CLANG_CXX_LANGUAGE_STANDARD = "gnu++14";
				CLANG_CXX_LIBRARY = "libc++";
				CLANG_ENABLE_MODULES = YES;
				CLANG_ENABLE_OBJC_ARC = YES;
				CLANG_ENABLE_OBJC_WEAK = YES;
				CLANG_WARN_BLOCK_CAPTURE_AUTORELEASING = YES;
				CLANG_WARN_BOOL_CONVERSION = YES;
				CLANG_WARN_COMMA = YES;
				CLANG_WARN_CONSTANT_CONVERSION = YES;
				CLANG_WARN_DEPRECATED_OBJC_IMPLEMENTATIONS = YES;
				CLANG_WARN_DIRECT_OBJC_ISA_USAGE = YES_ERROR;
				CLANG_WARN_DOCUMENTATION_COMMENTS = YES;
				CLANG_WARN_EMPTY_BODY = YES;
				CLANG_WARN_ENUM_CONVERSION = YES;
				CLANG_WARN_INFINITE_RECURSION = YES;
				CLANG_WARN_INT_CONVERSION = YES;
				CLANG_WARN_NON_LITERAL_NULL_CONVERSION = YES;
				CLANG_WARN_OBJC_IMPLICIT_RETAIN_SELF = YES;
				CLANG_WARN_OBJC_LITERAL_CONVERSION = YES;
				CLANG_WARN_OBJC_ROOT_CLASS = YES_ERROR;
				CLANG_WARN_RANGE_LOOP_ANALYSIS = YES;
				CLANG_WARN_STRICT_PROTOTYPES = YES;
				CLANG_WARN_SUSPICIOUS_MOVE = YES;
				CLANG_WARN_UNGUARDED_AVAILABILITY = YES_AGGRESSIVE;
				CLANG_WARN_UNREACHABLE_CODE = YES;
				CLANG_WARN__DUPLICATE_METHOD_MATCH = YES;
				CODE_SIGN_IDENTITY = "iPhone Developer";
				COPY_PHASE_STRIP = NO;
				DEBUG_INFORMATION_FORMAT = dwarf;
				ENABLE_STRICT_OBJC_MSGSEND = YES;
				ENABLE_TESTABILITY = YES;
				GCC_C_LANGUAGE_STANDARD = gnu11;
				GCC_DYNAMIC_NO_PIC = NO;
				GCC_NO_COMMON_BLOCKS = YES;
				GCC_OPTIMIZATION_LEVEL = 0;
				GCC_PREPROCESSOR_DEFINITIONS = (
					"DEBUG=1",
					"$(inherited)",
				);
				GCC_WARN_64_TO_32_BIT_CONVERSION = YES;
				GCC_WARN_ABOUT_RETURN_TYPE = YES_ERROR;
				GCC_WARN_UNDECLARED_SELECTOR = YES;
				GCC_WARN_UNINITIALIZED_AUTOS = YES_AGGRESSIVE;
				GCC_WARN_UNUSED_FUNCTION = YES;
				GCC_WARN_UNUSED_VARIABLE = YES;
				IPHONEOS_DEPLOYMENT_TARGET = 12.0;
				MTL_ENABLE_DEBUG_INFO = INCLUDE_SOURCE;
				MTL_FAST_MATH = YES;
				ONLY_ACTIVE_ARCH = YES;
				SDKROOT = iphoneos;
				SWIFT_ACTIVE_COMPILATION_CONDITIONS = DEBUG;
				SWIFT_OPTIMIZATION_LEVEL = "-Onone";
			};
			name = Debug;
		};
		650FCD1B2177B694008D2D76 /* Release */ = {
			isa = XCBuildConfiguration;
			buildSettings = {
				ALWAYS_SEARCH_USER_PATHS = NO;
				CLANG_ANALYZER_NONNULL = YES;
				CLANG_ANALYZER_NUMBER_OBJECT_CONVERSION = YES_AGGRESSIVE;
				CLANG_CXX_LANGUAGE_STANDARD = "gnu++14";
				CLANG_CXX_LIBRARY = "libc++";
				CLANG_ENABLE_MODULES = YES;
				CLANG_ENABLE_OBJC_ARC = YES;
				CLANG_ENABLE_OBJC_WEAK = YES;
				CLANG_WARN_BLOCK_CAPTURE_AUTORELEASING = YES;
				CLANG_WARN_BOOL_CONVERSION = YES;
				CLANG_WARN_COMMA = YES;
				CLANG_WARN_CONSTANT_CONVERSION = YES;
				CLANG_WARN_DEPRECATED_OBJC_IMPLEMENTATIONS = YES;
				CLANG_WARN_DIRECT_OBJC_ISA_USAGE = YES_ERROR;
				CLANG_WARN_DOCUMENTATION_COMMENTS = YES;
				CLANG_WARN_EMPTY_BODY = YES;
				CLANG_WARN_ENUM_CONVERSION = YES;
				CLANG_WARN_INFINITE_RECURSION = YES;
				CLANG_WARN_INT_CONVERSION = YES;
				CLANG_WARN_NON_LITERAL_NULL_CONVERSION = YES;
				CLANG_WARN_OBJC_IMPLICIT_RETAIN_SELF = YES;
				CLANG_WARN_OBJC_LITERAL_CONVERSION = YES;
				CLANG_WARN_OBJC_ROOT_CLASS = YES_ERROR;
				CLANG_WARN_RANGE_LOOP_ANALYSIS = YES;
				CLANG_WARN_STRICT_PROTOTYPES = YES;
				CLANG_WARN_SUSPICIOUS_MOVE = YES;
				CLANG_WARN_UNGUARDED_AVAILABILITY = YES_AGGRESSIVE;
				CLANG_WARN_UNREACHABLE_CODE = YES;
				CLANG_WARN__DUPLICATE_METHOD_MATCH = YES;
				CODE_SIGN_IDENTITY = "iPhone Developer";
				COPY_PHASE_STRIP = NO;
				DEBUG_INFORMATION_FORMAT = "dwarf-with-dsym";
				ENABLE_NS_ASSERTIONS = NO;
				ENABLE_STRICT_OBJC_MSGSEND = YES;
				GCC_C_LANGUAGE_STANDARD = gnu11;
				GCC_NO_COMMON_BLOCKS = YES;
				GCC_WARN_64_TO_32_BIT_CONVERSION = YES;
				GCC_WARN_ABOUT_RETURN_TYPE = YES_ERROR;
				GCC_WARN_UNDECLARED_SELECTOR = YES;
				GCC_WARN_UNINITIALIZED_AUTOS = YES_AGGRESSIVE;
				GCC_WARN_UNUSED_FUNCTION = YES;
				GCC_WARN_UNUSED_VARIABLE = YES;
				IPHONEOS_DEPLOYMENT_TARGET = 12.0;
				MTL_ENABLE_DEBUG_INFO = NO;
				MTL_FAST_MATH = YES;
				SDKROOT = iphoneos;
				SWIFT_COMPILATION_MODE = wholemodule;
				SWIFT_OPTIMIZATION_LEVEL = "-O";
				VALIDATE_PRODUCT = YES;
			};
			name = Release;
		};
		650FCD1D2177B694008D2D76 /* Debug */ = {
			isa = XCBuildConfiguration;
			buildSettings = {
				ASSETCATALOG_COMPILER_APPICON_NAME = AppIcon;
				CODE_SIGN_STYLE = Automatic;
				DEVELOPMENT_TEAM = 5B493XC3SY;
				INFOPLIST_FILE = "Houses-Vellori/Info.plist";
				LD_RUNPATH_SEARCH_PATHS = (
					"$(inherited)",
					"@executable_path/Frameworks",
				);
				PRODUCT_BUNDLE_IDENTIFIER = "vellori.Houses-Vellori";
				PRODUCT_NAME = "$(TARGET_NAME)";
				SWIFT_VERSION = 4.2;
				TARGETED_DEVICE_FAMILY = "1,2";
			};
			name = Debug;
		};
		650FCD1E2177B694008D2D76 /* Release */ = {
			isa = XCBuildConfiguration;
			buildSettings = {
				ASSETCATALOG_COMPILER_APPICON_NAME = AppIcon;
				CODE_SIGN_STYLE = Automatic;
				DEVELOPMENT_TEAM = 5B493XC3SY;
				INFOPLIST_FILE = "Houses-Vellori/Info.plist";
				LD_RUNPATH_SEARCH_PATHS = (
					"$(inherited)",
					"@executable_path/Frameworks",
				);
				PRODUCT_BUNDLE_IDENTIFIER = "vellori.Houses-Vellori";
				PRODUCT_NAME = "$(TARGET_NAME)";
				SWIFT_VERSION = 4.2;
				TARGETED_DEVICE_FAMILY = "1,2";
			};
			name = Release;
		};
		650FCD202177B694008D2D76 /* Debug */ = {
			isa = XCBuildConfiguration;
			buildSettings = {
				ALWAYS_EMBED_SWIFT_STANDARD_LIBRARIES = YES;
				BUNDLE_LOADER = "$(TEST_HOST)";
				CODE_SIGN_STYLE = Automatic;
				DEVELOPMENT_TEAM = 5B493XC3SY;
				INFOPLIST_FILE = "Houses-VelloriTests/Info.plist";
				LD_RUNPATH_SEARCH_PATHS = (
					"$(inherited)",
					"@executable_path/Frameworks",
					"@loader_path/Frameworks",
				);
				PRODUCT_BUNDLE_IDENTIFIER = "vellori.Houses-VelloriTests";
				PRODUCT_NAME = "$(TARGET_NAME)";
				SWIFT_VERSION = 4.2;
				TARGETED_DEVICE_FAMILY = "1,2";
				TEST_HOST = "$(BUILT_PRODUCTS_DIR)/Houses-Vellori.app/Houses-Vellori";
			};
			name = Debug;
		};
		650FCD212177B694008D2D76 /* Release */ = {
			isa = XCBuildConfiguration;
			buildSettings = {
				ALWAYS_EMBED_SWIFT_STANDARD_LIBRARIES = YES;
				BUNDLE_LOADER = "$(TEST_HOST)";
				CODE_SIGN_STYLE = Automatic;
				DEVELOPMENT_TEAM = 5B493XC3SY;
				INFOPLIST_FILE = "Houses-VelloriTests/Info.plist";
				LD_RUNPATH_SEARCH_PATHS = (
					"$(inherited)",
					"@executable_path/Frameworks",
					"@loader_path/Frameworks",
				);
				PRODUCT_BUNDLE_IDENTIFIER = "vellori.Houses-VelloriTests";
				PRODUCT_NAME = "$(TARGET_NAME)";
				SWIFT_VERSION = 4.2;
				TARGETED_DEVICE_FAMILY = "1,2";
				TEST_HOST = "$(BUILT_PRODUCTS_DIR)/Houses-Vellori.app/Houses-Vellori";
			};
			name = Release;
		};
		650FCD232177B694008D2D76 /* Debug */ = {
			isa = XCBuildConfiguration;
			buildSettings = {
				ALWAYS_EMBED_SWIFT_STANDARD_LIBRARIES = YES;
				CODE_SIGN_STYLE = Automatic;
				DEVELOPMENT_TEAM = 5B493XC3SY;
				INFOPLIST_FILE = "Houses-VelloriUITests/Info.plist";
				LD_RUNPATH_SEARCH_PATHS = (
					"$(inherited)",
					"@executable_path/Frameworks",
					"@loader_path/Frameworks",
				);
				PRODUCT_BUNDLE_IDENTIFIER = "vellori.Houses-VelloriUITests";
				PRODUCT_NAME = "$(TARGET_NAME)";
				SWIFT_VERSION = 4.2;
				TARGETED_DEVICE_FAMILY = "1,2";
				TEST_TARGET_NAME = "Houses-Vellori";
			};
			name = Debug;
		};
		650FCD242177B694008D2D76 /* Release */ = {
			isa = XCBuildConfiguration;
			buildSettings = {
				ALWAYS_EMBED_SWIFT_STANDARD_LIBRARIES = YES;
				CODE_SIGN_STYLE = Automatic;
				DEVELOPMENT_TEAM = 5B493XC3SY;
				INFOPLIST_FILE = "Houses-VelloriUITests/Info.plist";
				LD_RUNPATH_SEARCH_PATHS = (
					"$(inherited)",
					"@executable_path/Frameworks",
					"@loader_path/Frameworks",
				);
				PRODUCT_BUNDLE_IDENTIFIER = "vellori.Houses-VelloriUITests";
				PRODUCT_NAME = "$(TARGET_NAME)";
				SWIFT_VERSION = 4.2;
				TARGETED_DEVICE_FAMILY = "1,2";
				TEST_TARGET_NAME = "Houses-Vellori";
			};
			name = Release;
		};
/* End XCBuildConfiguration section */

/* Begin XCConfigurationList section */
		650FCCED2177B693008D2D76 /* Build configuration list for PBXProject "Houses-Vellori" */ = {
			isa = XCConfigurationList;
			buildConfigurations = (
				650FCD1A2177B694008D2D76 /* Debug */,
				650FCD1B2177B694008D2D76 /* Release */,
			);
			defaultConfigurationIsVisible = 0;
			defaultConfigurationName = Release;
		};
		650FCD1C2177B694008D2D76 /* Build configuration list for PBXNativeTarget "Houses-Vellori" */ = {
			isa = XCConfigurationList;
			buildConfigurations = (
				650FCD1D2177B694008D2D76 /* Debug */,
				650FCD1E2177B694008D2D76 /* Release */,
			);
			defaultConfigurationIsVisible = 0;
			defaultConfigurationName = Release;
		};
		650FCD1F2177B694008D2D76 /* Build configuration list for PBXNativeTarget "Houses-VelloriTests" */ = {
			isa = XCConfigurationList;
			buildConfigurations = (
				650FCD202177B694008D2D76 /* Debug */,
				650FCD212177B694008D2D76 /* Release */,
			);
			defaultConfigurationIsVisible = 0;
			defaultConfigurationName = Release;
		};
		650FCD222177B694008D2D76 /* Build configuration list for PBXNativeTarget "Houses-VelloriUITests" */ = {
			isa = XCConfigurationList;
			buildConfigurations = (
				650FCD232177B694008D2D76 /* Debug */,
				650FCD242177B694008D2D76 /* Release */,
			);
			defaultConfigurationIsVisible = 0;
			defaultConfigurationName = Release;
		};
/* End XCConfigurationList section */

/* Begin XCVersionGroup section */
		650FCD3E2177BE53008D2D76 /* Houses.xcdatamodeld */ = {
			isa = XCVersionGroup;
			children = (
				650FCD3F2177BE53008D2D76 /* Houses.xcdatamodel */,
			);
			currentVersion = 650FCD3F2177BE53008D2D76 /* Houses.xcdatamodel */;
			path = Houses.xcdatamodeld;
			sourceTree = "<group>";
			versionGroupType = wrapper.xcdatamodel;
		};
/* End XCVersionGroup section */
	};
	rootObject = 650FCCEA2177B693008D2D76 /* Project object */;
}
